
Microsoft Visual Studio Solution File, Format Version 12.00
# Visual Studio Version 17
VisualStudioVersion = 17.8.34511.84
MinimumVisualStudioVersion = 10.0.40219.1
Project("{FAE04EC0-301F-11D3-BF4B-00C04F79EFBC}") = "DempApp", "DempApp\DempApp.csproj", "{84CF921C-AFF7-43B1-A2F8-1355243D090C}"
EndProject
Global
	GlobalSection(SolutionConfigurationPlatforms) = preSolution
		Debug|Any CPU = Debug|Any CPU
		Release|Any CPU = Release|Any CPU
	EndGlobalSection
	GlobalSection(ProjectConfigurationPlatforms) = postSolution
		{84CF921C-AFF7-43B1-A2F8-1355243D090C}.Debug|Any CPU.ActiveCfg = Debug|Any CPU
		{84CF921C-AFF7-43B1-A2F8-1355243D090C}.Debug|Any CPU.Build.0 = Debug|Any CPU
		{84CF921C-AFF7-43B1-A2F8-1355243D090C}.Release|Any CPU.ActiveCfg = Release|Any CPU
		{84CF921C-AFF7-43B1-A2F8-1355243D090C}.Release|Any CPU.Build.0 = Release|Any CPU
	EndGlobalSection
	GlobalSection(SolutionProperties) = preSolution
		HideSolutionNode = FALSE
	EndGlobalSection
	GlobalSection(ExtensibilityGlobals) = postSolution
		SolutionGuid = {7476090F-7943-4627-97A7-4FBB137FDF83}
	EndGlobalSection
EndGlobal
